// !$*UTF8*$!
{
	archiveVersion = 1;
	classes = {
	};
	objectVersion = 50;
	objects = {

/* Begin PBXBuildFile section */
		20163341246C0805005E2AA2 /* UIViewcontroller+Alert.swift in Sources */ = {isa = PBXBuildFile; fileRef = 20163340246C0805005E2AA2 /* UIViewcontroller+Alert.swift */; };
		20832866246AF33600E39828 /* MemoListTableViewController.swift in Sources */ = {isa = PBXBuildFile; fileRef = 20832865246AF33600E39828 /* MemoListTableViewController.swift */; };
		208DE676246AD75C00CB72A9 /* Model.swift in Sources */ = {isa = PBXBuildFile; fileRef = 208DE675246AD75C00CB72A9 /* Model.swift */; };
		20BA9714246BF47300EFC685 /* ComposeViewController.swift in Sources */ = {isa = PBXBuildFile; fileRef = 20BA9713246BF47300EFC685 /* ComposeViewController.swift */; };
		20CB8CBC246C335600AE2873 /* DetailViewController.swift in Sources */ = {isa = PBXBuildFile; fileRef = 20CB8CBB246C335600AE2873 /* DetailViewController.swift */; };
		20E4912F246AC2F900B08EF9 /* AppDelegate.swift in Sources */ = {isa = PBXBuildFile; fileRef = 20E4912E246AC2F900B08EF9 /* AppDelegate.swift */; };
		20E49131246AC2F900B08EF9 /* SceneDelegate.swift in Sources */ = {isa = PBXBuildFile; fileRef = 20E49130246AC2F900B08EF9 /* SceneDelegate.swift */; };
		20E49136246AC2F900B08EF9 /* Main.storyboard in Resources */ = {isa = PBXBuildFile; fileRef = 20E49134246AC2F900B08EF9 /* Main.storyboard */; };
		20E49139246AC2F900B08EF9 /* VincentMemoApp.xcdatamodeld in Sources */ = {isa = PBXBuildFile; fileRef = 20E49137246AC2F900B08EF9 /* VincentMemoApp.xcdatamodeld */; };
		20E4913B246AC2FA00B08EF9 /* Assets.xcassets in Resources */ = {isa = PBXBuildFile; fileRef = 20E4913A246AC2FA00B08EF9 /* Assets.xcassets */; };
		20E4913E246AC2FA00B08EF9 /* LaunchScreen.storyboard in Resources */ = {isa = PBXBuildFile; fileRef = 20E4913C246AC2FA00B08EF9 /* LaunchScreen.storyboard */; };
/* End PBXBuildFile section */

/* Begin PBXFileReference section */
		20163340246C0805005E2AA2 /* UIViewcontroller+Alert.swift */ = {isa = PBXFileReference; lastKnownFileType = sourcecode.swift; path = "UIViewcontroller+Alert.swift"; sourceTree = "<group>"; };
		20832865246AF33600E39828 /* MemoListTableViewController.swift */ = {isa = PBXFileReference; lastKnownFileType = sourcecode.swift; path = MemoListTableViewController.swift; sourceTree = "<group>"; };
		208DE675246AD75C00CB72A9 /* Model.swift */ = {isa = PBXFileReference; lastKnownFileType = sourcecode.swift; path = Model.swift; sourceTree = "<group>"; };
		20BA9713246BF47300EFC685 /* ComposeViewController.swift */ = {isa = PBXFileReference; lastKnownFileType = sourcecode.swift; path = ComposeViewController.swift; sourceTree = "<group>"; };
		20CB8CBB246C335600AE2873 /* DetailViewController.swift */ = {isa = PBXFileReference; lastKnownFileType = sourcecode.swift; path = DetailViewController.swift; sourceTree = "<group>"; };
		20E4912B246AC2F900B08EF9 /* VincentMemoApp.app */ = {isa = PBXFileReference; explicitFileType = wrapper.application; includeInIndex = 0; path = VincentMemoApp.app; sourceTree = BUILT_PRODUCTS_DIR; };
		20E4912E246AC2F900B08EF9 /* AppDelegate.swift */ = {isa = PBXFileReference; lastKnownFileType = sourcecode.swift; path = AppDelegate.swift; sourceTree = "<group>"; };
		20E49130246AC2F900B08EF9 /* SceneDelegate.swift */ = {isa = PBXFileReference; lastKnownFileType = sourcecode.swift; path = SceneDelegate.swift; sourceTree = "<group>"; };
		20E49135246AC2F900B08EF9 /* Base */ = {isa = PBXFileReference; lastKnownFileType = file.storyboard; name = Base; path = Base.lproj/Main.storyboard; sourceTree = "<group>"; };
		20E49138246AC2F900B08EF9 /* VincentMemoApp.xcdatamodel */ = {isa = PBXFileReference; lastKnownFileType = wrapper.xcdatamodel; path = VincentMemoApp.xcdatamodel; sourceTree = "<group>"; };
		20E4913A246AC2FA00B08EF9 /* Assets.xcassets */ = {isa = PBXFileReference; lastKnownFileType = folder.assetcatalog; path = Assets.xcassets; sourceTree = "<group>"; };
		20E4913D246AC2FA00B08EF9 /* Base */ = {isa = PBXFileReference; lastKnownFileType = file.storyboard; name = Base; path = Base.lproj/LaunchScreen.storyboard; sourceTree = "<group>"; };
		20E4913F246AC2FA00B08EF9 /* Info.plist */ = {isa = PBXFileReference; lastKnownFileType = text.plist.xml; path = Info.plist; sourceTree = "<group>"; };
/* End PBXFileReference section */

/* Begin PBXFrameworksBuildPhase section */
		20E49128246AC2F900B08EF9 /* Frameworks */ = {
			isa = PBXFrameworksBuildPhase;
			buildActionMask = 2147483647;
			files = (
			);
			runOnlyForDeploymentPostprocessing = 0;
		};
/* End PBXFrameworksBuildPhase section */

/* Begin PBXGroup section */
		208DE674246AD72900CB72A9 /* Model */ = {
			isa = PBXGroup;
			children = (
				208DE675246AD75C00CB72A9 /* Model.swift */,
			);
			path = Model;
			sourceTree = "<group>";
		};
		20E49122246AC2F900B08EF9 = {
			isa = PBXGroup;
			children = (
				20E4912D246AC2F900B08EF9 /* VincentMemoApp */,
				20E4912C246AC2F900B08EF9 /* Products */,
			);
			sourceTree = "<group>";
		};
		20E4912C246AC2F900B08EF9 /* Products */ = {
			isa = PBXGroup;
			children = (
				20E4912B246AC2F900B08EF9 /* VincentMemoApp.app */,
			);
			name = Products;
			sourceTree = "<group>";
		};
		20E4912D246AC2F900B08EF9 /* VincentMemoApp */ = {
			isa = PBXGroup;
			children = (
				208DE674246AD72900CB72A9 /* Model */,
				20E4912E246AC2F900B08EF9 /* AppDelegate.swift */,
				20E49130246AC2F900B08EF9 /* SceneDelegate.swift */,
				20E49134246AC2F900B08EF9 /* Main.storyboard */,
				20E4913A246AC2FA00B08EF9 /* Assets.xcassets */,
				20E4913C246AC2FA00B08EF9 /* LaunchScreen.storyboard */,
				20E4913F246AC2FA00B08EF9 /* Info.plist */,
				20E49137246AC2F900B08EF9 /* VincentMemoApp.xcdatamodeld */,
				20832865246AF33600E39828 /* MemoListTableViewController.swift */,
				20BA9713246BF47300EFC685 /* ComposeViewController.swift */,
				20163340246C0805005E2AA2 /* UIViewcontroller+Alert.swift */,
				20CB8CBB246C335600AE2873 /* DetailViewController.swift */,
			);
			path = VincentMemoApp;
			sourceTree = "<group>";
		};
/* End PBXGroup section */

/* Begin PBXNativeTarget section */
		20E4912A246AC2F900B08EF9 /* VincentMemoApp */ = {
			isa = PBXNativeTarget;
			buildConfigurationList = 20E49142246AC2FA00B08EF9 /* Build configuration list for PBXNativeTarget "VincentMemoApp" */;
			buildPhases = (
				20E49127246AC2F900B08EF9 /* Sources */,
				20E49128246AC2F900B08EF9 /* Frameworks */,
				20E49129246AC2F900B08EF9 /* Resources */,
			);
			buildRules = (
			);
			dependencies = (
			);
			name = VincentMemoApp;
			productName = VincentMemoApp;
			productReference = 20E4912B246AC2F900B08EF9 /* VincentMemoApp.app */;
			productType = "com.apple.product-type.application";
		};
/* End PBXNativeTarget section */

/* Begin PBXProject section */
		20E49123246AC2F900B08EF9 /* Project object */ = {
			isa = PBXProject;
			attributes = {
				LastSwiftUpdateCheck = 1140;
				LastUpgradeCheck = 1140;
				ORGANIZATIONNAME = VincentGeranium;
				TargetAttributes = {
					20E4912A246AC2F900B08EF9 = {
						CreatedOnToolsVersion = 11.4.1;
					};
				};
			};
			buildConfigurationList = 20E49126246AC2F900B08EF9 /* Build configuration list for PBXProject "VincentMemoApp" */;
			compatibilityVersion = "Xcode 9.3";
			developmentRegion = en;
			hasScannedForEncodings = 0;
			knownRegions = (
				en,
				Base,
			);
			mainGroup = 20E49122246AC2F900B08EF9;
			productRefGroup = 20E4912C246AC2F900B08EF9 /* Products */;
			projectDirPath = "";
			projectRoot = "";
			targets = (
				20E4912A246AC2F900B08EF9 /* VincentMemoApp */,
			);
		};
/* End PBXProject section */

/* Begin PBXResourcesBuildPhase section */
		20E49129246AC2F900B08EF9 /* Resources */ = {
			isa = PBXResourcesBuildPhase;
			buildActionMask = 2147483647;
			files = (
				20E4913E246AC2FA00B08EF9 /* LaunchScreen.storyboard in Resources */,
				20E4913B246AC2FA00B08EF9 /* Assets.xcassets in Resources */,
				20E49136246AC2F900B08EF9 /* Main.storyboard in Resources */,
			);
			runOnlyForDeploymentPostprocessing = 0;
		};
/* End PBXResourcesBuildPhase section */

/* Begin PBXSourcesBuildPhase section */
		20E49127246AC2F900B08EF9 /* Sources */ = {
			isa = PBXSourcesBuildPhase;
			buildActionMask = 2147483647;
			files = (
				20E49139246AC2F900B08EF9 /* VincentMemoApp.xcdatamodeld in Sources */,
				20163341246C0805005E2AA2 /* UIViewcontroller+Alert.swift in Sources */,
				20E4912F246AC2F900B08EF9 /* AppDelegate.swift in Sources */,
				20832866246AF33600E39828 /* MemoListTableViewController.swift in Sources */,
				20BA9714246BF47300EFC685 /* ComposeViewController.swift in Sources */,
				20E49131246AC2F900B08EF9 /* SceneDelegate.swift in Sources */,
				208DE676246AD75C00CB72A9 /* Model.swift in Sources */,
				20CB8CBC246C335600AE2873 /* DetailViewController.swift in Sources */,
			);
			runOnlyForDeploymentPostprocessing = 0;
		};
/* End PBXSourcesBuildPhase section */

/* Begin PBXVariantGroup section */
		20E49134246AC2F900B08EF9 /* Main.storyboard */ = {
			isa = PBXVariantGroup;
			children = (
				20E49135246AC2F900B08EF9 /* Base */,
			);
			name = Main.storyboard;
			sourceTree = "<group>";
		};
		20E4913C246AC2FA00B08EF9 /* LaunchScreen.storyboard */ = {
			isa = PBXVariantGroup;
			children = (
				20E4913D246AC2FA00B08EF9 /* Base */,
			);
			name = LaunchScreen.storyboard;
			sourceTree = "<group>";
		};
/* End PBXVariantGroup section */

/* Begin XCBuildConfiguration section */
		20E49140246AC2FA00B08EF9 /* Debug */ = {
			isa = XCBuildConfiguration;
			buildSettings = {
				ALWAYS_SEARCH_USER_PATHS = NO;
				CLANG_ANALYZER_NONNULL = YES;
				CLANG_ANALYZER_NUMBER_OBJECT_CONVERSION = YES_AGGRESSIVE;
				CLANG_CXX_LANGUAGE_STANDARD = "gnu++14";
				CLANG_CXX_LIBRARY = "libc++";
				CLANG_ENABLE_MODULES = YES;
				CLANG_ENABLE_OBJC_ARC = YES;
				CLANG_ENABLE_OBJC_WEAK = YES;
				CLANG_WARN_BLOCK_CAPTURE_AUTORELEASING = YES;
				CLANG_WARN_BOOL_CONVERSION = YES;
				CLANG_WARN_COMMA = YES;
				CLANG_WARN_CONSTANT_CONVERSION = YES;
				CLANG_WARN_DEPRECATED_OBJC_IMPLEMENTATIONS = YES;
				CLANG_WARN_DIRECT_OBJC_ISA_USAGE = YES_ERROR;
				CLANG_WARN_DOCUMENTATION_COMMENTS = YES;
				CLANG_WARN_EMPTY_BODY = YES;
				CLANG_WARN_ENUM_CONVERSION = YES;
				CLANG_WARN_INFINITE_RECURSION = YES;
				CLANG_WARN_INT_CONVERSION = YES;
				CLANG_WARN_NON_LITERAL_NULL_CONVERSION = YES;
				CLANG_WARN_OBJC_IMPLICIT_RETAIN_SELF = YES;
				CLANG_WARN_OBJC_LITERAL_CONVERSION = YES;
				CLANG_WARN_OBJC_ROOT_CLASS = YES_ERROR;
				CLANG_WARN_RANGE_LOOP_ANALYSIS = YES;
				CLANG_WARN_STRICT_PROTOTYPES = YES;
				CLANG_WARN_SUSPICIOUS_MOVE = YES;
				CLANG_WARN_UNGUARDED_AVAILABILITY = YES_AGGRESSIVE;
				CLANG_WARN_UNREACHABLE_CODE = YES;
				CLANG_WARN__DUPLICATE_METHOD_MATCH = YES;
				COPY_PHASE_STRIP = NO;
				DEBUG_INFORMATION_FORMAT = dwarf;
				ENABLE_STRICT_OBJC_MSGSEND = YES;
				ENABLE_TESTABILITY = YES;
				GCC_C_LANGUAGE_STANDARD = gnu11;
				GCC_DYNAMIC_NO_PIC = NO;
				GCC_NO_COMMON_BLOCKS = YES;
				GCC_OPTIMIZATION_LEVEL = 0;
				GCC_PREPROCESSOR_DEFINITIONS = (
					"DEBUG=1",
					"$(inherited)",
				);
				GCC_WARN_64_TO_32_BIT_CONVERSION = YES;
				GCC_WARN_ABOUT_RETURN_TYPE = YES_ERROR;
				GCC_WARN_UNDECLARED_SELECTOR = YES;
				GCC_WARN_UNINITIALIZED_AUTOS = YES_AGGRESSIVE;
				GCC_WARN_UNUSED_FUNCTION = YES;
				GCC_WARN_UNUSED_VARIABLE = YES;
				IPHONEOS_DEPLOYMENT_TARGET = 13.4;
				MTL_ENABLE_DEBUG_INFO = INCLUDE_SOURCE;
				MTL_FAST_MATH = YES;
				ONLY_ACTIVE_ARCH = YES;
				SDKROOT = iphoneos;
				SWIFT_ACTIVE_COMPILATION_CONDITIONS = DEBUG;
				SWIFT_OPTIMIZATION_LEVEL = "-Onone";
			};
			name = Debug;
		};
		20E49141246AC2FA00B08EF9 /* Release */ = {
			isa = XCBuildConfiguration;
			buildSettings = {
				ALWAYS_SEARCH_USER_PATHS = NO;
				CLANG_ANALYZER_NONNULL = YES;
				CLANG_ANALYZER_NUMBER_OBJECT_CONVERSION = YES_AGGRESSIVE;
				CLANG_CXX_LANGUAGE_STANDARD = "gnu++14";
				CLANG_CXX_LIBRARY = "libc++";
				CLANG_ENABLE_MODULES = YES;
				CLANG_ENABLE_OBJC_ARC = YES;
				CLANG_ENABLE_OBJC_WEAK = YES;
				CLANG_WARN_BLOCK_CAPTURE_AUTORELEASING = YES;
				CLANG_WARN_BOOL_CONVERSION = YES;
				CLANG_WARN_COMMA = YES;
				CLANG_WARN_CONSTANT_CONVERSION = YES;
				CLANG_WARN_DEPRECATED_OBJC_IMPLEMENTATIONS = YES;
				CLANG_WARN_DIRECT_OBJC_ISA_USAGE = YES_ERROR;
				CLANG_WARN_DOCUMENTATION_COMMENTS = YES;
				CLANG_WARN_EMPTY_BODY = YES;
				CLANG_WARN_ENUM_CONVERSION = YES;
				CLANG_WARN_INFINITE_RECURSION = YES;
				CLANG_WARN_INT_CONVERSION = YES;
				CLANG_WARN_NON_LITERAL_NULL_CONVERSION = YES;
				CLANG_WARN_OBJC_IMPLICIT_RETAIN_SELF = YES;
				CLANG_WARN_OBJC_LITERAL_CONVERSION = YES;
				CLANG_WARN_OBJC_ROOT_CLASS = YES_ERROR;
				CLANG_WARN_RANGE_LOOP_ANALYSIS = YES;
				CLANG_WARN_STRICT_PROTOTYPES = YES;
				CLANG_WARN_SUSPICIOUS_MOVE = YES;
				CLANG_WARN_UNGUARDED_AVAILABILITY = YES_AGGRESSIVE;
				CLANG_WARN_UNREACHABLE_CODE = YES;
				CLANG_WARN__DUPLICATE_METHOD_MATCH = YES;
				COPY_PHASE_STRIP = NO;
				DEBUG_INFORMATION_FORMAT = "dwarf-with-dsym";
				ENABLE_NS_ASSERTIONS = NO;
				ENABLE_STRICT_OBJC_MSGSEND = YES;
				GCC_C_LANGUAGE_STANDARD = gnu11;
				GCC_NO_COMMON_BLOCKS = YES;
				GCC_WARN_64_TO_32_BIT_CONVERSION = YES;
				GCC_WARN_ABOUT_RETURN_TYPE = YES_ERROR;
				GCC_WARN_UNDECLARED_SELECTOR = YES;
				GCC_WARN_UNINITIALIZED_AUTOS = YES_AGGRESSIVE;
				GCC_WARN_UNUSED_FUNCTION = YES;
				GCC_WARN_UNUSED_VARIABLE = YES;
				IPHONEOS_DEPLOYMENT_TARGET = 13.4;
				MTL_ENABLE_DEBUG_INFO = NO;
				MTL_FAST_MATH = YES;
				SDKROOT = iphoneos;
				SWIFT_COMPILATION_MODE = wholemodule;
				SWIFT_OPTIMIZATION_LEVEL = "-O";
				VALIDATE_PRODUCT = YES;
			};
			name = Release;
		};
		20E49143246AC2FA00B08EF9 /* Debug */ = {
			isa = XCBuildConfiguration;
			buildSettings = {
				ASSETCATALOG_COMPILER_APPICON_NAME = AppIcon;
				CODE_SIGN_STYLE = Automatic;
				DEVELOPMENT_TEAM = 64WAG22Y2J;
				INFOPLIST_FILE = VincentMemoApp/Info.plist;
				IPHONEOS_DEPLOYMENT_TARGET = 10.0;
				LD_RUNPATH_SEARCH_PATHS = (
					"$(inherited)",
					"@executable_path/Frameworks",
				);
				PRODUCT_BUNDLE_IDENTIFIER = com.VincentGeranium.VincentMemoApp;
				PRODUCT_NAME = "$(TARGET_NAME)";
				SWIFT_VERSION = 5.0;
				TARGETED_DEVICE_FAMILY = "1,2";
			};
			name = Debug;
		};
		20E49144246AC2FA00B08EF9 /* Release */ = {
			isa = XCBuildConfiguration;
			buildSettings = {
				ASSETCATALOG_COMPILER_APPICON_NAME = AppIcon;
				CODE_SIGN_STYLE = Automatic;
				DEVELOPMENT_TEAM = 64WAG22Y2J;
				INFOPLIST_FILE = VincentMemoApp/Info.plist;
				IPHONEOS_DEPLOYMENT_TARGET = 10.0;
				LD_RUNPATH_SEARCH_PATHS = (
					"$(inherited)",
					"@executable_path/Frameworks",
				);
				PRODUCT_BUNDLE_IDENTIFIER = com.VincentGeranium.VincentMemoApp;
				PRODUCT_NAME = "$(TARGET_NAME)";
				SWIFT_VERSION = 5.0;
				TARGETED_DEVICE_FAMILY = "1,2";
			};
			name = Release;
		};
/* End XCBuildConfiguration section */

/* Begin XCConfigurationList section */
		20E49126246AC2F900B08EF9 /* Build configuration list for PBXProject "VincentMemoApp" */ = {
			isa = XCConfigurationList;
			buildConfigurations = (
				20E49140246AC2FA00B08EF9 /* Debug */,
				20E49141246AC2FA00B08EF9 /* Release */,
			);
			defaultConfigurationIsVisible = 0;
			defaultConfigurationName = Release;
		};
		20E49142246AC2FA00B08EF9 /* Build configuration list for PBXNativeTarget "VincentMemoApp" */ = {
			isa = XCConfigurationList;
			buildConfigurations = (
				20E49143246AC2FA00B08EF9 /* Debug */,
				20E49144246AC2FA00B08EF9 /* Release */,
			);
			defaultConfigurationIsVisible = 0;
			defaultConfigurationName = Release;
		};
/* End XCConfigurationList section */

/* Begin XCVersionGroup section */
		20E49137246AC2F900B08EF9 /* VincentMemoApp.xcdatamodeld */ = {
			isa = XCVersionGroup;
			children = (
				20E49138246AC2F900B08EF9 /* VincentMemoApp.xcdatamodel */,
			);
			currentVersion = 20E49138246AC2F900B08EF9 /* VincentMemoApp.xcdatamodel */;
			path = VincentMemoApp.xcdatamodeld;
			sourceTree = "<group>";
			versionGroupType = wrapper.xcdatamodel;
		};
/* End XCVersionGroup section */
	};
	rootObject = 20E49123246AC2F900B08EF9 /* Project object */;
}
